
Microsoft Visual Studio Solution File, Format Version 12.00
# Visual Studio 15
VisualStudioVersion = 15.0.26430.16
MinimumVisualStudioVersion = 10.0.40219.1
Project("{FAE04EC0-301F-11D3-BF4B-00C04F79EFBC}") = "Example01", "Example01\Example01.csproj", "{34228243-8D54-44B4-9CDD-81AC6717B314}"
EndProject
Project("{FAE04EC0-301F-11D3-BF4B-00C04F79EFBC}") = "Code.Orz", "..\Code.Orz\Code.Orz\Code.Orz.csproj", "{D34B143D-528F-448F-8D89-E090A6ACA922}"
EndProject
Project("{FAE04EC0-301F-11D3-BF4B-00C04F79EFBC}") = "Example02", "Example02\Example02.csproj", "{0B8CAB1A-1D85-4A8A-A115-B42318E19F77}"
EndProject
Project("{FAE04EC0-301F-11D3-BF4B-00C04F79EFBC}") = "MyVieShowApp", "MyVieShowApp\MyVieShowApp.csproj", "{7F486A5D-41D9-4EA9-9FE5-6DD5E8BA57C0}"
EndProject
Global
	GlobalSection(SolutionConfigurationPlatforms) = preSolution
		Debug|Any CPU = Debug|Any CPU
		Release|Any CPU = Release|Any CPU
	EndGlobalSection
	GlobalSection(ProjectConfigurationPlatforms) = postSolution
		{34228243-8D54-44B4-9CDD-81AC6717B314}.Debug|Any CPU.ActiveCfg = Debug|Any CPU
		{34228243-8D54-44B4-9CDD-81AC6717B314}.Debug|Any CPU.Build.0 = Debug|Any CPU
		{34228243-8D54-44B4-9CDD-81AC6717B314}.Release|Any CPU.ActiveCfg = Release|Any CPU
		{34228243-8D54-44B4-9CDD-81AC6717B314}.Release|Any CPU.Build.0 = Release|Any CPU
		{D34B143D-528F-448F-8D89-E090A6ACA922}.Debug|Any CPU.ActiveCfg = Debug|Any CPU
		{D34B143D-528F-448F-8D89-E090A6ACA922}.Debug|Any CPU.Build.0 = Debug|Any CPU
		{D34B143D-528F-448F-8D89-E090A6ACA922}.Release|Any CPU.ActiveCfg = Release|Any CPU
		{D34B143D-528F-448F-8D89-E090A6ACA922}.Release|Any CPU.Build.0 = Release|Any CPU
		{0B8CAB1A-1D85-4A8A-A115-B42318E19F77}.Debug|Any CPU.ActiveCfg = Debug|Any CPU
		{0B8CAB1A-1D85-4A8A-A115-B42318E19F77}.Debug|Any CPU.Build.0 = Debug|Any CPU
		{0B8CAB1A-1D85-4A8A-A115-B42318E19F77}.Release|Any CPU.ActiveCfg = Release|Any CPU
		{0B8CAB1A-1D85-4A8A-A115-B42318E19F77}.Release|Any CPU.Build.0 = Release|Any CPU
		{7F486A5D-41D9-4EA9-9FE5-6DD5E8BA57C0}.Debug|Any CPU.ActiveCfg = Debug|Any CPU
		{7F486A5D-41D9-4EA9-9FE5-6DD5E8BA57C0}.Debug|Any CPU.Build.0 = Debug|Any CPU
		{7F486A5D-41D9-4EA9-9FE5-6DD5E8BA57C0}.Release|Any CPU.ActiveCfg = Release|Any CPU
		{7F486A5D-41D9-4EA9-9FE5-6DD5E8BA57C0}.Release|Any CPU.Build.0 = Release|Any CPU
	EndGlobalSection
	GlobalSection(SolutionProperties) = preSolution
		HideSolutionNode = FALSE
	EndGlobalSection
EndGlobal
